{
  "name": "expiring-per-item-cache",
  "version": "1.0.0",
  "lockfileVersion": 1,
  "requires": true,
  "dependencies": {
    "@arcticzeroo/collection": {
      "version": "1.0.0",
      "resolved": "https://registry.npmjs.org/@arcticzeroo/collection/-/collection-1.0.0.tgz",
      "integrity": "sha512-xEqeWkppajEEpO7heYnwVnNGOoqrgTQcRzjVzOJdwXlA3fh8kjO/705/w5G/3RboyWXwcPrEarw2FNG7g3dE0w=="
    }
  }
}
