{
  "name": "expiring-per-item-cache",
  "version": "0.0.2",
  "lockfileVersion": 1,
  "dependencies": {
    "djs-collection": {
      "version": "0.0.5",
      "resolved": "https://registry.npmjs.org/djs-collection/-/djs-collection-0.0.5.tgz",
      "integrity": "sha512-tQ0PrSbx6CaF2VY4QRntLohQb+E5Vq7ajjmmTC7mwKHLFdQoMt1bz+ugtfyCgJNMrAD2wUYBpYumb+W56OU/IA=="
    }
  }
}
